
Microsoft Visual Studio Solution File, Format Version 12.00
# Visual Studio Version 16
VisualStudioVersion = 16.0.32630.194
MinimumVisualStudioVersion = 10.0.40219.1
Project("{FAE04EC0-301F-11D3-BF4B-00C04F79EFBC}") = "RealState", "RealState\RealState.csproj", "{458B6ABD-04F3-4D33-93AC-F11826603E41}"
EndProject
Global
	GlobalSection(SolutionConfigurationPlatforms) = preSolution
		Debug|Any CPU = Debug|Any CPU
		Release|Any CPU = Release|Any CPU
	EndGlobalSection
	GlobalSection(ProjectConfigurationPlatforms) = postSolution
		{458B6ABD-04F3-4D33-93AC-F11826603E41}.Debug|Any CPU.ActiveCfg = Debug|Any CPU
		{458B6ABD-04F3-4D33-93AC-F11826603E41}.Debug|Any CPU.Build.0 = Debug|Any CPU
		{458B6ABD-04F3-4D33-93AC-F11826603E41}.Release|Any CPU.ActiveCfg = Release|Any CPU
		{458B6ABD-04F3-4D33-93AC-F11826603E41}.Release|Any CPU.Build.0 = Release|Any CPU
	EndGlobalSection
	GlobalSection(SolutionProperties) = preSolution
		HideSolutionNode = FALSE
	EndGlobalSection
	GlobalSection(ExtensibilityGlobals) = postSolution
		SolutionGuid = {767C1F0F-5DFF-4A28-A112-59041F775909}
	EndGlobalSection
EndGlobal
